
Microsoft Visual Studio Solution File, Format Version 12.00
# Visual Studio Version 17
VisualStudioVersion = 17.0.31903.59
MinimumVisualStudioVersion = 10.0.40219.1
Project("{2150E333-8FDC-42A3-9474-1A3956D46DE8}") = "src", "src", "{196828B5-7FA5-49A8-B9B6-C6C916A72567}"
EndProject
Project("{FAE04EC0-301F-11D3-BF4B-00C04F79EFBC}") = "Doko.Domain", "src\Doko.Domain\Doko.Domain.csproj", "{368C37FE-1449-42DE-AAD9-27903CC3D691}"
EndProject
Project("{2150E333-8FDC-42A3-9474-1A3956D46DE8}") = "tests", "tests", "{7569D44E-D048-4D29-9C5D-65639A42BAFF}"
EndProject
Project("{FAE04EC0-301F-11D3-BF4B-00C04F79EFBC}") = "Doko.Domain.Tests", "tests\Doko.Domain.Tests\Doko.Domain.Tests.csproj", "{20F3A8F8-9E79-42FE-8E65-7F84DE658B71}"
EndProject
Project("{FAE04EC0-301F-11D3-BF4B-00C04F79EFBC}") = "Doko.Application", "src\Doko.Application\Doko.Application.csproj", "{33BA240F-2AED-48E8-A3B8-D94CA31CB452}"
EndProject
Project("{FAE04EC0-301F-11D3-BF4B-00C04F79EFBC}") = "Doko.Application.Tests", "tests\Doko.Application.Tests\Doko.Application.Tests.csproj", "{181102C4-D09D-42A5-ADA0-5F345BE69D12}"
EndProject
Project("{FAE04EC0-301F-11D3-BF4B-00C04F79EFBC}") = "Doko.Infrastructure", "src\Doko.Infrastructure\Doko.Infrastructure.csproj", "{41A0667C-A5DD-4FA4-8BF8-F8A73C0EC3FF}"
EndProject
Global
	GlobalSection(SolutionConfigurationPlatforms) = preSolution
		Debug|Any CPU = Debug|Any CPU
		Debug|x64 = Debug|x64
		Debug|x86 = Debug|x86
		Release|Any CPU = Release|Any CPU
		Release|x64 = Release|x64
		Release|x86 = Release|x86
	EndGlobalSection
	GlobalSection(ProjectConfigurationPlatforms) = postSolution
		{368C37FE-1449-42DE-AAD9-27903CC3D691}.Debug|Any CPU.ActiveCfg = Debug|Any CPU
		{368C37FE-1449-42DE-AAD9-27903CC3D691}.Debug|Any CPU.Build.0 = Debug|Any CPU
		{368C37FE-1449-42DE-AAD9-27903CC3D691}.Debug|x64.ActiveCfg = Debug|Any CPU
		{368C37FE-1449-42DE-AAD9-27903CC3D691}.Debug|x64.Build.0 = Debug|Any CPU
		{368C37FE-1449-42DE-AAD9-27903CC3D691}.Debug|x86.ActiveCfg = Debug|Any CPU
		{368C37FE-1449-42DE-AAD9-27903CC3D691}.Debug|x86.Build.0 = Debug|Any CPU
		{368C37FE-1449-42DE-AAD9-27903CC3D691}.Release|Any CPU.ActiveCfg = Release|Any CPU
		{368C37FE-1449-42DE-AAD9-27903CC3D691}.Release|Any CPU.Build.0 = Release|Any CPU
		{368C37FE-1449-42DE-AAD9-27903CC3D691}.Release|x64.ActiveCfg = Release|Any CPU
		{368C37FE-1449-42DE-AAD9-27903CC3D691}.Release|x64.Build.0 = Release|Any CPU
		{368C37FE-1449-42DE-AAD9-27903CC3D691}.Release|x86.ActiveCfg = Release|Any CPU
		{368C37FE-1449-42DE-AAD9-27903CC3D691}.Release|x86.Build.0 = Release|Any CPU
		{20F3A8F8-9E79-42FE-8E65-7F84DE658B71}.Debug|Any CPU.ActiveCfg = Debug|Any CPU
		{20F3A8F8-9E79-42FE-8E65-7F84DE658B71}.Debug|Any CPU.Build.0 = Debug|Any CPU
		{20F3A8F8-9E79-42FE-8E65-7F84DE658B71}.Debug|x64.ActiveCfg = Debug|Any CPU
		{20F3A8F8-9E79-42FE-8E65-7F84DE658B71}.Debug|x64.Build.0 = Debug|Any CPU
		{20F3A8F8-9E79-42FE-8E65-7F84DE658B71}.Debug|x86.ActiveCfg = Debug|Any CPU
		{20F3A8F8-9E79-42FE-8E65-7F84DE658B71}.Debug|x86.Build.0 = Debug|Any CPU
		{20F3A8F8-9E79-42FE-8E65-7F84DE658B71}.Release|Any CPU.ActiveCfg = Release|Any CPU
		{20F3A8F8-9E79-42FE-8E65-7F84DE658B71}.Release|Any CPU.Build.0 = Release|Any CPU
		{20F3A8F8-9E79-42FE-8E65-7F84DE658B71}.Release|x64.ActiveCfg = Release|Any CPU
		{20F3A8F8-9E79-42FE-8E65-7F84DE658B71}.Release|x64.Build.0 = Release|Any CPU
		{20F3A8F8-9E79-42FE-8E65-7F84DE658B71}.Release|x86.ActiveCfg = Release|Any CPU
		{20F3A8F8-9E79-42FE-8E65-7F84DE658B71}.Release|x86.Build.0 = Release|Any CPU
		{33BA240F-2AED-48E8-A3B8-D94CA31CB452}.Debug|Any CPU.ActiveCfg = Debug|Any CPU
		{33BA240F-2AED-48E8-A3B8-D94CA31CB452}.Debug|Any CPU.Build.0 = Debug|Any CPU
		{33BA240F-2AED-48E8-A3B8-D94CA31CB452}.Debug|x64.ActiveCfg = Debug|Any CPU
		{33BA240F-2AED-48E8-A3B8-D94CA31CB452}.Debug|x64.Build.0 = Debug|Any CPU
		{33BA240F-2AED-48E8-A3B8-D94CA31CB452}.Debug|x86.ActiveCfg = Debug|Any CPU
		{33BA240F-2AED-48E8-A3B8-D94CA31CB452}.Debug|x86.Build.0 = Debug|Any CPU
		{33BA240F-2AED-48E8-A3B8-D94CA31CB452}.Release|Any CPU.ActiveCfg = Release|Any CPU
		{33BA240F-2AED-48E8-A3B8-D94CA31CB452}.Release|Any CPU.Build.0 = Release|Any CPU
		{33BA240F-2AED-48E8-A3B8-D94CA31CB452}.Release|x64.ActiveCfg = Release|Any CPU
		{33BA240F-2AED-48E8-A3B8-D94CA31CB452}.Release|x64.Build.0 = Release|Any CPU
		{33BA240F-2AED-48E8-A3B8-D94CA31CB452}.Release|x86.ActiveCfg = Release|Any CPU
		{33BA240F-2AED-48E8-A3B8-D94CA31CB452}.Release|x86.Build.0 = Release|Any CPU
		{181102C4-D09D-42A5-ADA0-5F345BE69D12}.Debug|Any CPU.ActiveCfg = Debug|Any CPU
		{181102C4-D09D-42A5-ADA0-5F345BE69D12}.Debug|Any CPU.Build.0 = Debug|Any CPU
		{181102C4-D09D-42A5-ADA0-5F345BE69D12}.Debug|x64.ActiveCfg = Debug|Any CPU
		{181102C4-D09D-42A5-ADA0-5F345BE69D12}.Debug|x64.Build.0 = Debug|Any CPU
		{181102C4-D09D-42A5-ADA0-5F345BE69D12}.Debug|x86.ActiveCfg = Debug|Any CPU
		{181102C4-D09D-42A5-ADA0-5F345BE69D12}.Debug|x86.Build.0 = Debug|Any CPU
		{181102C4-D09D-42A5-ADA0-5F345BE69D12}.Release|Any CPU.ActiveCfg = Release|Any CPU
		{181102C4-D09D-42A5-ADA0-5F345BE69D12}.Release|Any CPU.Build.0 = Release|Any CPU
		{181102C4-D09D-42A5-ADA0-5F345BE69D12}.Release|x64.ActiveCfg = Release|Any CPU
		{181102C4-D09D-42A5-ADA0-5F345BE69D12}.Release|x64.Build.0 = Release|Any CPU
		{181102C4-D09D-42A5-ADA0-5F345BE69D12}.Release|x86.ActiveCfg = Release|Any CPU
		{181102C4-D09D-42A5-ADA0-5F345BE69D12}.Release|x86.Build.0 = Release|Any CPU
		{41A0667C-A5DD-4FA4-8BF8-F8A73C0EC3FF}.Debug|Any CPU.ActiveCfg = Debug|Any CPU
		{41A0667C-A5DD-4FA4-8BF8-F8A73C0EC3FF}.Debug|Any CPU.Build.0 = Debug|Any CPU
		{41A0667C-A5DD-4FA4-8BF8-F8A73C0EC3FF}.Debug|x64.ActiveCfg = Debug|Any CPU
		{41A0667C-A5DD-4FA4-8BF8-F8A73C0EC3FF}.Debug|x64.Build.0 = Debug|Any CPU
		{41A0667C-A5DD-4FA4-8BF8-F8A73C0EC3FF}.Debug|x86.ActiveCfg = Debug|Any CPU
		{41A0667C-A5DD-4FA4-8BF8-F8A73C0EC3FF}.Debug|x86.Build.0 = Debug|Any CPU
		{41A0667C-A5DD-4FA4-8BF8-F8A73C0EC3FF}.Release|Any CPU.ActiveCfg = Release|Any CPU
		{41A0667C-A5DD-4FA4-8BF8-F8A73C0EC3FF}.Release|Any CPU.Build.0 = Release|Any CPU
		{41A0667C-A5DD-4FA4-8BF8-F8A73C0EC3FF}.Release|x64.ActiveCfg = Release|Any CPU
		{41A0667C-A5DD-4FA4-8BF8-F8A73C0EC3FF}.Release|x64.Build.0 = Release|Any CPU
		{41A0667C-A5DD-4FA4-8BF8-F8A73C0EC3FF}.Release|x86.ActiveCfg = Release|Any CPU
		{41A0667C-A5DD-4FA4-8BF8-F8A73C0EC3FF}.Release|x86.Build.0 = Release|Any CPU
	EndGlobalSection
	GlobalSection(SolutionProperties) = preSolution
		HideSolutionNode = FALSE
	EndGlobalSection
	GlobalSection(NestedProjects) = preSolution
		{368C37FE-1449-42DE-AAD9-27903CC3D691} = {196828B5-7FA5-49A8-B9B6-C6C916A72567}
		{20F3A8F8-9E79-42FE-8E65-7F84DE658B71} = {7569D44E-D048-4D29-9C5D-65639A42BAFF}
		{33BA240F-2AED-48E8-A3B8-D94CA31CB452} = {196828B5-7FA5-49A8-B9B6-C6C916A72567}
		{181102C4-D09D-42A5-ADA0-5F345BE69D12} = {7569D44E-D048-4D29-9C5D-65639A42BAFF}
		{41A0667C-A5DD-4FA4-8BF8-F8A73C0EC3FF} = {196828B5-7FA5-49A8-B9B6-C6C916A72567}
	EndGlobalSection
EndGlobal
