
Microsoft Visual Studio Solution File, Format Version 12.00
# Visual Studio Version 17
VisualStudioVersion = 17.0.31903.59
MinimumVisualStudioVersion = 10.0.40219.1
Project("{2150E333-8FDC-42A3-9474-1A3956D46DE8}") = "Code", "Code", "{196828B5-7FA5-49A8-B9B6-C6C916A72567}"
EndProject
Project("{FAE04EC0-301F-11D3-BF4B-00C04F79EFBC}") = "Doko.Domain", "Code\backend\Doko.Domain\Doko.Domain.csproj", "{368C37FE-1449-42DE-AAD9-27903CC3D691}"
EndProject
Project("{2150E333-8FDC-42A3-9474-1A3956D46DE8}") = "tests", "tests", "{7569D44E-D048-4D29-9C5D-65639A42BAFF}"
EndProject
Project("{FAE04EC0-301F-11D3-BF4B-00C04F79EFBC}") = "Doko.Domain.Tests", "Code\tests\Doko.Domain.Tests\Doko.Domain.Tests.csproj", "{20F3A8F8-9E79-42FE-8E65-7F84DE658B71}"
EndProject
Project("{FAE04EC0-301F-11D3-BF4B-00C04F79EFBC}") = "Doko.Application", "Code\backend\Doko.Application\Doko.Application.csproj", "{33BA240F-2AED-48E8-A3B8-D94CA31CB452}"
EndProject
Project("{FAE04EC0-301F-11D3-BF4B-00C04F79EFBC}") = "Doko.Application.Tests", "Code\tests\Doko.Application.Tests\Doko.Application.Tests.csproj", "{181102C4-D09D-42A5-ADA0-5F345BE69D12}"
EndProject
Project("{FAE04EC0-301F-11D3-BF4B-00C04F79EFBC}") = "Doko.Infrastructure", "Code\backend\Doko.Infrastructure\Doko.Infrastructure.csproj", "{41A0667C-A5DD-4FA4-8BF8-F8A73C0EC3FF}"
EndProject
Project("{FAE04EC0-301F-11D3-BF4B-00C04F79EFBC}") = "Doko.Console", "Code\backend\Doko.Console\Doko.Console.csproj", "{20298E77-6A31-4D5A-85C0-FE4A1E279C3C}"
EndProject
Project("{FAE04EC0-301F-11D3-BF4B-00C04F79EFBC}") = "Doko.Api", "Code\backend\Doko.Api\Doko.Api.csproj", "{C5D6E7F8-A9B0-4C1D-8E2F-3A4B5C6D7E8F}"
EndProject
Project("{FAE04EC0-301F-11D3-BF4B-00C04F79EFBC}") = "Doko.Api.Tests", "Code\tests\Doko.Api.Tests\Doko.Api.Tests.csproj", "{D6E7F8A9-B0C1-4D2E-9F3A-4B5C6D7E8F9A}"
EndProject
Project("{FAE04EC0-301F-11D3-BF4B-00C04F79EFBC}") = "Doko.Api.IntegrationTests", "Code\tests\Doko.Api.IntegrationTests\Doko.Api.IntegrationTests.csproj", "{E7F8A9B0-C1D2-4E3F-A04B-5C6D7E8F9A0B}"
EndProject
Global
	GlobalSection(SolutionConfigurationPlatforms) = preSolution
		Debug|Any CPU = Debug|Any CPU
		Debug|x64 = Debug|x64
		Debug|x86 = Debug|x86
		Release|Any CPU = Release|Any CPU
		Release|x64 = Release|x64
		Release|x86 = Release|x86
	EndGlobalSection
	GlobalSection(ProjectConfigurationPlatforms) = postSolution
		{368C37FE-1449-42DE-AAD9-27903CC3D691}.Debug|Any CPU.ActiveCfg = Debug|Any CPU
		{368C37FE-1449-42DE-AAD9-27903CC3D691}.Debug|Any CPU.Build.0 = Debug|Any CPU
		{368C37FE-1449-42DE-AAD9-27903CC3D691}.Debug|x64.ActiveCfg = Debug|Any CPU
		{368C37FE-1449-42DE-AAD9-27903CC3D691}.Debug|x64.Build.0 = Debug|Any CPU
		{368C37FE-1449-42DE-AAD9-27903CC3D691}.Debug|x86.ActiveCfg = Debug|Any CPU
		{368C37FE-1449-42DE-AAD9-27903CC3D691}.Debug|x86.Build.0 = Debug|Any CPU
		{368C37FE-1449-42DE-AAD9-27903CC3D691}.Release|Any CPU.ActiveCfg = Release|Any CPU
		{368C37FE-1449-42DE-AAD9-27903CC3D691}.Release|Any CPU.Build.0 = Release|Any CPU
		{368C37FE-1449-42DE-AAD9-27903CC3D691}.Release|x64.ActiveCfg = Release|Any CPU
		{368C37FE-1449-42DE-AAD9-27903CC3D691}.Release|x64.Build.0 = Release|Any CPU
		{368C37FE-1449-42DE-AAD9-27903CC3D691}.Release|x86.ActiveCfg = Release|Any CPU
		{368C37FE-1449-42DE-AAD9-27903CC3D691}.Release|x86.Build.0 = Release|Any CPU
		{20F3A8F8-9E79-42FE-8E65-7F84DE658B71}.Debug|Any CPU.ActiveCfg = Debug|Any CPU
		{20F3A8F8-9E79-42FE-8E65-7F84DE658B71}.Debug|Any CPU.Build.0 = Debug|Any CPU
		{20F3A8F8-9E79-42FE-8E65-7F84DE658B71}.Debug|x64.ActiveCfg = Debug|Any CPU
		{20F3A8F8-9E79-42FE-8E65-7F84DE658B71}.Debug|x64.Build.0 = Debug|Any CPU
		{20F3A8F8-9E79-42FE-8E65-7F84DE658B71}.Debug|x86.ActiveCfg = Debug|Any CPU
		{20F3A8F8-9E79-42FE-8E65-7F84DE658B71}.Debug|x86.Build.0 = Debug|Any CPU
		{20F3A8F8-9E79-42FE-8E65-7F84DE658B71}.Release|Any CPU.ActiveCfg = Release|Any CPU
		{20F3A8F8-9E79-42FE-8E65-7F84DE658B71}.Release|Any CPU.Build.0 = Release|Any CPU
		{20F3A8F8-9E79-42FE-8E65-7F84DE658B71}.Release|x64.ActiveCfg = Release|Any CPU
		{20F3A8F8-9E79-42FE-8E65-7F84DE658B71}.Release|x64.Build.0 = Release|Any CPU
		{20F3A8F8-9E79-42FE-8E65-7F84DE658B71}.Release|x86.ActiveCfg = Release|Any CPU
		{20F3A8F8-9E79-42FE-8E65-7F84DE658B71}.Release|x86.Build.0 = Release|Any CPU
		{33BA240F-2AED-48E8-A3B8-D94CA31CB452}.Debug|Any CPU.ActiveCfg = Debug|Any CPU
		{33BA240F-2AED-48E8-A3B8-D94CA31CB452}.Debug|Any CPU.Build.0 = Debug|Any CPU
		{33BA240F-2AED-48E8-A3B8-D94CA31CB452}.Debug|x64.ActiveCfg = Debug|Any CPU
		{33BA240F-2AED-48E8-A3B8-D94CA31CB452}.Debug|x64.Build.0 = Debug|Any CPU
		{33BA240F-2AED-48E8-A3B8-D94CA31CB452}.Debug|x86.ActiveCfg = Debug|Any CPU
		{33BA240F-2AED-48E8-A3B8-D94CA31CB452}.Debug|x86.Build.0 = Debug|Any CPU
		{33BA240F-2AED-48E8-A3B8-D94CA31CB452}.Release|Any CPU.ActiveCfg = Release|Any CPU
		{33BA240F-2AED-48E8-A3B8-D94CA31CB452}.Release|Any CPU.Build.0 = Release|Any CPU
		{33BA240F-2AED-48E8-A3B8-D94CA31CB452}.Release|x64.ActiveCfg = Release|Any CPU
		{33BA240F-2AED-48E8-A3B8-D94CA31CB452}.Release|x64.Build.0 = Release|Any CPU
		{33BA240F-2AED-48E8-A3B8-D94CA31CB452}.Release|x86.ActiveCfg = Release|Any CPU
		{33BA240F-2AED-48E8-A3B8-D94CA31CB452}.Release|x86.Build.0 = Release|Any CPU
		{181102C4-D09D-42A5-ADA0-5F345BE69D12}.Debug|Any CPU.ActiveCfg = Debug|Any CPU
		{181102C4-D09D-42A5-ADA0-5F345BE69D12}.Debug|Any CPU.Build.0 = Debug|Any CPU
		{181102C4-D09D-42A5-ADA0-5F345BE69D12}.Debug|x64.ActiveCfg = Debug|Any CPU
		{181102C4-D09D-42A5-ADA0-5F345BE69D12}.Debug|x64.Build.0 = Debug|Any CPU
		{181102C4-D09D-42A5-ADA0-5F345BE69D12}.Debug|x86.ActiveCfg = Debug|Any CPU
		{181102C4-D09D-42A5-ADA0-5F345BE69D12}.Debug|x86.Build.0 = Debug|Any CPU
		{181102C4-D09D-42A5-ADA0-5F345BE69D12}.Release|Any CPU.ActiveCfg = Release|Any CPU
		{181102C4-D09D-42A5-ADA0-5F345BE69D12}.Release|Any CPU.Build.0 = Release|Any CPU
		{181102C4-D09D-42A5-ADA0-5F345BE69D12}.Release|x64.ActiveCfg = Release|Any CPU
		{181102C4-D09D-42A5-ADA0-5F345BE69D12}.Release|x64.Build.0 = Release|Any CPU
		{181102C4-D09D-42A5-ADA0-5F345BE69D12}.Release|x86.ActiveCfg = Release|Any CPU
		{181102C4-D09D-42A5-ADA0-5F345BE69D12}.Release|x86.Build.0 = Release|Any CPU
		{41A0667C-A5DD-4FA4-8BF8-F8A73C0EC3FF}.Debug|Any CPU.ActiveCfg = Debug|Any CPU
		{41A0667C-A5DD-4FA4-8BF8-F8A73C0EC3FF}.Debug|Any CPU.Build.0 = Debug|Any CPU
		{41A0667C-A5DD-4FA4-8BF8-F8A73C0EC3FF}.Debug|x64.ActiveCfg = Debug|Any CPU
		{41A0667C-A5DD-4FA4-8BF8-F8A73C0EC3FF}.Debug|x64.Build.0 = Debug|Any CPU
		{41A0667C-A5DD-4FA4-8BF8-F8A73C0EC3FF}.Debug|x86.ActiveCfg = Debug|Any CPU
		{41A0667C-A5DD-4FA4-8BF8-F8A73C0EC3FF}.Debug|x86.Build.0 = Debug|Any CPU
		{41A0667C-A5DD-4FA4-8BF8-F8A73C0EC3FF}.Release|Any CPU.ActiveCfg = Release|Any CPU
		{41A0667C-A5DD-4FA4-8BF8-F8A73C0EC3FF}.Release|Any CPU.Build.0 = Release|Any CPU
		{41A0667C-A5DD-4FA4-8BF8-F8A73C0EC3FF}.Release|x64.ActiveCfg = Release|Any CPU
		{41A0667C-A5DD-4FA4-8BF8-F8A73C0EC3FF}.Release|x64.Build.0 = Release|Any CPU
		{41A0667C-A5DD-4FA4-8BF8-F8A73C0EC3FF}.Release|x86.ActiveCfg = Release|Any CPU
		{41A0667C-A5DD-4FA4-8BF8-F8A73C0EC3FF}.Release|x86.Build.0 = Release|Any CPU
		{20298E77-6A31-4D5A-85C0-FE4A1E279C3C}.Debug|Any CPU.ActiveCfg = Debug|Any CPU
		{20298E77-6A31-4D5A-85C0-FE4A1E279C3C}.Debug|Any CPU.Build.0 = Debug|Any CPU
		{20298E77-6A31-4D5A-85C0-FE4A1E279C3C}.Debug|x64.ActiveCfg = Debug|Any CPU
		{20298E77-6A31-4D5A-85C0-FE4A1E279C3C}.Debug|x64.Build.0 = Debug|Any CPU
		{20298E77-6A31-4D5A-85C0-FE4A1E279C3C}.Debug|x86.ActiveCfg = Debug|Any CPU
		{20298E77-6A31-4D5A-85C0-FE4A1E279C3C}.Debug|x86.Build.0 = Debug|Any CPU
		{20298E77-6A31-4D5A-85C0-FE4A1E279C3C}.Release|Any CPU.ActiveCfg = Release|Any CPU
		{20298E77-6A31-4D5A-85C0-FE4A1E279C3C}.Release|Any CPU.Build.0 = Release|Any CPU
		{20298E77-6A31-4D5A-85C0-FE4A1E279C3C}.Release|x64.ActiveCfg = Release|Any CPU
		{20298E77-6A31-4D5A-85C0-FE4A1E279C3C}.Release|x64.Build.0 = Release|Any CPU
		{20298E77-6A31-4D5A-85C0-FE4A1E279C3C}.Release|x86.ActiveCfg = Release|Any CPU
		{20298E77-6A31-4D5A-85C0-FE4A1E279C3C}.Release|x86.Build.0 = Release|Any CPU
		{C5D6E7F8-A9B0-4C1D-8E2F-3A4B5C6D7E8F}.Debug|Any CPU.ActiveCfg = Debug|Any CPU
		{C5D6E7F8-A9B0-4C1D-8E2F-3A4B5C6D7E8F}.Debug|Any CPU.Build.0 = Debug|Any CPU
		{C5D6E7F8-A9B0-4C1D-8E2F-3A4B5C6D7E8F}.Debug|x64.ActiveCfg = Debug|Any CPU
		{C5D6E7F8-A9B0-4C1D-8E2F-3A4B5C6D7E8F}.Debug|x64.Build.0 = Debug|Any CPU
		{C5D6E7F8-A9B0-4C1D-8E2F-3A4B5C6D7E8F}.Debug|x86.ActiveCfg = Debug|Any CPU
		{C5D6E7F8-A9B0-4C1D-8E2F-3A4B5C6D7E8F}.Debug|x86.Build.0 = Debug|Any CPU
		{C5D6E7F8-A9B0-4C1D-8E2F-3A4B5C6D7E8F}.Release|Any CPU.ActiveCfg = Release|Any CPU
		{C5D6E7F8-A9B0-4C1D-8E2F-3A4B5C6D7E8F}.Release|Any CPU.Build.0 = Release|Any CPU
		{C5D6E7F8-A9B0-4C1D-8E2F-3A4B5C6D7E8F}.Release|x64.ActiveCfg = Release|Any CPU
		{C5D6E7F8-A9B0-4C1D-8E2F-3A4B5C6D7E8F}.Release|x64.Build.0 = Release|Any CPU
		{C5D6E7F8-A9B0-4C1D-8E2F-3A4B5C6D7E8F}.Release|x86.ActiveCfg = Release|Any CPU
		{C5D6E7F8-A9B0-4C1D-8E2F-3A4B5C6D7E8F}.Release|x86.Build.0 = Release|Any CPU
		{D6E7F8A9-B0C1-4D2E-9F3A-4B5C6D7E8F9A}.Debug|Any CPU.ActiveCfg = Debug|Any CPU
		{D6E7F8A9-B0C1-4D2E-9F3A-4B5C6D7E8F9A}.Debug|Any CPU.Build.0 = Debug|Any CPU
		{D6E7F8A9-B0C1-4D2E-9F3A-4B5C6D7E8F9A}.Debug|x64.ActiveCfg = Debug|Any CPU
		{D6E7F8A9-B0C1-4D2E-9F3A-4B5C6D7E8F9A}.Debug|x64.Build.0 = Debug|Any CPU
		{D6E7F8A9-B0C1-4D2E-9F3A-4B5C6D7E8F9A}.Debug|x86.ActiveCfg = Debug|Any CPU
		{D6E7F8A9-B0C1-4D2E-9F3A-4B5C6D7E8F9A}.Debug|x86.Build.0 = Debug|Any CPU
		{D6E7F8A9-B0C1-4D2E-9F3A-4B5C6D7E8F9A}.Release|Any CPU.ActiveCfg = Release|Any CPU
		{D6E7F8A9-B0C1-4D2E-9F3A-4B5C6D7E8F9A}.Release|Any CPU.Build.0 = Release|Any CPU
		{D6E7F8A9-B0C1-4D2E-9F3A-4B5C6D7E8F9A}.Release|x64.ActiveCfg = Release|Any CPU
		{D6E7F8A9-B0C1-4D2E-9F3A-4B5C6D7E8F9A}.Release|x64.Build.0 = Release|Any CPU
		{D6E7F8A9-B0C1-4D2E-9F3A-4B5C6D7E8F9A}.Release|x86.ActiveCfg = Release|Any CPU
		{D6E7F8A9-B0C1-4D2E-9F3A-4B5C6D7E8F9A}.Release|x86.Build.0 = Release|Any CPU
		{E7F8A9B0-C1D2-4E3F-A04B-5C6D7E8F9A0B}.Debug|Any CPU.ActiveCfg = Debug|Any CPU
		{E7F8A9B0-C1D2-4E3F-A04B-5C6D7E8F9A0B}.Debug|Any CPU.Build.0 = Debug|Any CPU
		{E7F8A9B0-C1D2-4E3F-A04B-5C6D7E8F9A0B}.Debug|x64.ActiveCfg = Debug|Any CPU
		{E7F8A9B0-C1D2-4E3F-A04B-5C6D7E8F9A0B}.Debug|x64.Build.0 = Debug|Any CPU
		{E7F8A9B0-C1D2-4E3F-A04B-5C6D7E8F9A0B}.Debug|x86.ActiveCfg = Debug|Any CPU
		{E7F8A9B0-C1D2-4E3F-A04B-5C6D7E8F9A0B}.Debug|x86.Build.0 = Debug|Any CPU
		{E7F8A9B0-C1D2-4E3F-A04B-5C6D7E8F9A0B}.Release|Any CPU.ActiveCfg = Release|Any CPU
		{E7F8A9B0-C1D2-4E3F-A04B-5C6D7E8F9A0B}.Release|Any CPU.Build.0 = Release|Any CPU
		{E7F8A9B0-C1D2-4E3F-A04B-5C6D7E8F9A0B}.Release|x64.ActiveCfg = Release|Any CPU
		{E7F8A9B0-C1D2-4E3F-A04B-5C6D7E8F9A0B}.Release|x64.Build.0 = Release|Any CPU
		{E7F8A9B0-C1D2-4E3F-A04B-5C6D7E8F9A0B}.Release|x86.ActiveCfg = Release|Any CPU
		{E7F8A9B0-C1D2-4E3F-A04B-5C6D7E8F9A0B}.Release|x86.Build.0 = Release|Any CPU
	EndGlobalSection
	GlobalSection(SolutionProperties) = preSolution
		HideSolutionNode = FALSE
	EndGlobalSection
	GlobalSection(NestedProjects) = preSolution
		{368C37FE-1449-42DE-AAD9-27903CC3D691} = {196828B5-7FA5-49A8-B9B6-C6C916A72567}
		{20F3A8F8-9E79-42FE-8E65-7F84DE658B71} = {7569D44E-D048-4D29-9C5D-65639A42BAFF}
		{33BA240F-2AED-48E8-A3B8-D94CA31CB452} = {196828B5-7FA5-49A8-B9B6-C6C916A72567}
		{181102C4-D09D-42A5-ADA0-5F345BE69D12} = {7569D44E-D048-4D29-9C5D-65639A42BAFF}
		{41A0667C-A5DD-4FA4-8BF8-F8A73C0EC3FF} = {196828B5-7FA5-49A8-B9B6-C6C916A72567}
		{20298E77-6A31-4D5A-85C0-FE4A1E279C3C} = {196828B5-7FA5-49A8-B9B6-C6C916A72567}
		{C5D6E7F8-A9B0-4C1D-8E2F-3A4B5C6D7E8F} = {196828B5-7FA5-49A8-B9B6-C6C916A72567}
		{D6E7F8A9-B0C1-4D2E-9F3A-4B5C6D7E8F9A} = {7569D44E-D048-4D29-9C5D-65639A42BAFF}
		{E7F8A9B0-C1D2-4E3F-A04B-5C6D7E8F9A0B} = {7569D44E-D048-4D29-9C5D-65639A42BAFF}
	EndGlobalSection
EndGlobal
